
Microsoft Visual Studio Solution File, Format Version 12.00
# Visual Studio 2013
VisualStudioVersion = 12.0.21005.1
MinimumVisualStudioVersion = 10.0.40219.1
Project("{8BC9CEB8-8B4A-11D0-8D11-00A0C91BC942}") = "FixWin81Taskbar.Injector", "FixWin81Taskbar.Injector\FixWin81Taskbar.Injector.vcxproj", "{808026FC-E06B-4FD1-9B74-75D9DFEDDFE5}"
EndProject
Project("{8BC9CEB8-8B4A-11D0-8D11-00A0C91BC942}") = "FixWin81Taskbar.Module", "FixWin81Taskbar.Module\FixWin81Taskbar.Module.vcxproj", "{549BFE7F-5031-48D7-BC93-C39389C9B0BF}"
EndProject
Global
	GlobalSection(SolutionConfigurationPlatforms) = preSolution
		Debug|Win32 = Debug|Win32
		Debug|x64 = Debug|x64
		Release|Win32 = Release|Win32
		Release|x64 = Release|x64
	EndGlobalSection
	GlobalSection(ProjectConfigurationPlatforms) = postSolution
		{808026FC-E06B-4FD1-9B74-75D9DFEDDFE5}.Debug|Win32.ActiveCfg = Debug|Win32
		{808026FC-E06B-4FD1-9B74-75D9DFEDDFE5}.Debug|Win32.Build.0 = Debug|Win32
		{808026FC-E06B-4FD1-9B74-75D9DFEDDFE5}.Debug|x64.ActiveCfg = Debug|x64
		{808026FC-E06B-4FD1-9B74-75D9DFEDDFE5}.Debug|x64.Build.0 = Debug|x64
		{808026FC-E06B-4FD1-9B74-75D9DFEDDFE5}.Release|Win32.ActiveCfg = Release|Win32
		{808026FC-E06B-4FD1-9B74-75D9DFEDDFE5}.Release|Win32.Build.0 = Release|Win32
		{808026FC-E06B-4FD1-9B74-75D9DFEDDFE5}.Release|x64.ActiveCfg = Release|x64
		{808026FC-E06B-4FD1-9B74-75D9DFEDDFE5}.Release|x64.Build.0 = Release|x64
		{549BFE7F-5031-48D7-BC93-C39389C9B0BF}.Debug|Win32.ActiveCfg = Debug|Win32
		{549BFE7F-5031-48D7-BC93-C39389C9B0BF}.Debug|Win32.Build.0 = Debug|Win32
		{549BFE7F-5031-48D7-BC93-C39389C9B0BF}.Debug|x64.ActiveCfg = Debug|x64
		{549BFE7F-5031-48D7-BC93-C39389C9B0BF}.Debug|x64.Build.0 = Debug|x64
		{549BFE7F-5031-48D7-BC93-C39389C9B0BF}.Release|Win32.ActiveCfg = Release|Win32
		{549BFE7F-5031-48D7-BC93-C39389C9B0BF}.Release|Win32.Build.0 = Release|Win32
		{549BFE7F-5031-48D7-BC93-C39389C9B0BF}.Release|x64.ActiveCfg = Release|x64
		{549BFE7F-5031-48D7-BC93-C39389C9B0BF}.Release|x64.Build.0 = Release|x64
	EndGlobalSection
	GlobalSection(SolutionProperties) = preSolution
		HideSolutionNode = FALSE
	EndGlobalSection
EndGlobal
